
Microsoft Visual Studio Solution File, Format Version 12.00
# Visual Studio Version 17
VisualStudioVersion = 17.3.32929.385
MinimumVisualStudioVersion = 10.0.40219.1
Project("{2150E333-8FDC-42A3-9474-1A3956D46DE8}") = "Script", "Script", "{28797E1F-8AA8-4EA6-AF18-13F4BE4B5CCF}"
	ProjectSection(SolutionItems) = preProject
		..\Script\CreateSenhaGpt.sql = ..\Script\CreateSenhaGpt.sql
		..\Script\CreateSenhaGptConfiguracao.sql = ..\Script\CreateSenhaGptConfiguracao.sql
		..\Script\CreateSenhaGptLog.sql = ..\Script\CreateSenhaGptLog.sql
	EndProjectSection
EndProject
Project("{9A19103F-16F7-4668-BE54-9A1E7A4F7556}") = "SenhasGpt.Application", "SenhasGpt.Application\SenhasGpt.Application.csproj", "{F879C328-C07C-4430-ABBC-776C0C77EBFB}"
EndProject
Project("{9A19103F-16F7-4668-BE54-9A1E7A4F7556}") = "SenhasGpt.Domain", "SenhasGpt.Domain\SenhasGpt.Domain.csproj", "{16D08BC8-58DF-4547-8DAC-E3E648C916A2}"
EndProject
Project("{9A19103F-16F7-4668-BE54-9A1E7A4F7556}") = "SenhasGpt.Persistence", "SenhasGpt.Persistence\SenhasGpt.Persistence.csproj", "{69326973-DF94-41BC-9B01-90212DD6A2EA}"
EndProject
Project("{9A19103F-16F7-4668-BE54-9A1E7A4F7556}") = "SenhasGpt.ExternalServices", "SenhasGpt.ExternalServices\SenhasGpt.ExternalServices.csproj", "{4603AEE9-C5EF-4E30-87E1-8EA4FEBBD93D}"
EndProject
Project("{2150E333-8FDC-42A3-9474-1A3956D46DE8}") = "src", "src", "{1A3EA7FD-A2DC-44CF-B486-E6897A56E995}"
EndProject
Project("{2150E333-8FDC-42A3-9474-1A3956D46DE8}") = "core", "core", "{8BAC56B5-CEC5-4300-96D9-D9EF56AB548C}"
EndProject
Project("{2150E333-8FDC-42A3-9474-1A3956D46DE8}") = "Api", "Api", "{8835754D-2B58-46DD-A075-4117588D0813}"
EndProject
Project("{FAE04EC0-301F-11D3-BF4B-00C04F79EFBC}") = "SenhasGpt.Api", "SenhasGpt.Api\SenhasGpt.Api.csproj", "{4C15E463-7285-4F82-BE9A-6D64204B3073}"
EndProject
Global
	GlobalSection(SolutionConfigurationPlatforms) = preSolution
		Debug|Any CPU = Debug|Any CPU
		Release|Any CPU = Release|Any CPU
	EndGlobalSection
	GlobalSection(ProjectConfigurationPlatforms) = postSolution
		{F879C328-C07C-4430-ABBC-776C0C77EBFB}.Debug|Any CPU.ActiveCfg = Debug|Any CPU
		{F879C328-C07C-4430-ABBC-776C0C77EBFB}.Debug|Any CPU.Build.0 = Debug|Any CPU
		{F879C328-C07C-4430-ABBC-776C0C77EBFB}.Release|Any CPU.ActiveCfg = Release|Any CPU
		{F879C328-C07C-4430-ABBC-776C0C77EBFB}.Release|Any CPU.Build.0 = Release|Any CPU
		{16D08BC8-58DF-4547-8DAC-E3E648C916A2}.Debug|Any CPU.ActiveCfg = Debug|Any CPU
		{16D08BC8-58DF-4547-8DAC-E3E648C916A2}.Debug|Any CPU.Build.0 = Debug|Any CPU
		{16D08BC8-58DF-4547-8DAC-E3E648C916A2}.Release|Any CPU.ActiveCfg = Release|Any CPU
		{16D08BC8-58DF-4547-8DAC-E3E648C916A2}.Release|Any CPU.Build.0 = Release|Any CPU
		{69326973-DF94-41BC-9B01-90212DD6A2EA}.Debug|Any CPU.ActiveCfg = Debug|Any CPU
		{69326973-DF94-41BC-9B01-90212DD6A2EA}.Debug|Any CPU.Build.0 = Debug|Any CPU
		{69326973-DF94-41BC-9B01-90212DD6A2EA}.Release|Any CPU.ActiveCfg = Release|Any CPU
		{69326973-DF94-41BC-9B01-90212DD6A2EA}.Release|Any CPU.Build.0 = Release|Any CPU
		{4603AEE9-C5EF-4E30-87E1-8EA4FEBBD93D}.Debug|Any CPU.ActiveCfg = Debug|Any CPU
		{4603AEE9-C5EF-4E30-87E1-8EA4FEBBD93D}.Debug|Any CPU.Build.0 = Debug|Any CPU
		{4603AEE9-C5EF-4E30-87E1-8EA4FEBBD93D}.Release|Any CPU.ActiveCfg = Release|Any CPU
		{4603AEE9-C5EF-4E30-87E1-8EA4FEBBD93D}.Release|Any CPU.Build.0 = Release|Any CPU
		{4C15E463-7285-4F82-BE9A-6D64204B3073}.Debug|Any CPU.ActiveCfg = Debug|Any CPU
		{4C15E463-7285-4F82-BE9A-6D64204B3073}.Debug|Any CPU.Build.0 = Debug|Any CPU
		{4C15E463-7285-4F82-BE9A-6D64204B3073}.Release|Any CPU.ActiveCfg = Release|Any CPU
		{4C15E463-7285-4F82-BE9A-6D64204B3073}.Release|Any CPU.Build.0 = Release|Any CPU
	EndGlobalSection
	GlobalSection(SolutionProperties) = preSolution
		HideSolutionNode = FALSE
	EndGlobalSection
	GlobalSection(NestedProjects) = preSolution
		{F879C328-C07C-4430-ABBC-776C0C77EBFB} = {8BAC56B5-CEC5-4300-96D9-D9EF56AB548C}
		{16D08BC8-58DF-4547-8DAC-E3E648C916A2} = {8BAC56B5-CEC5-4300-96D9-D9EF56AB548C}
		{69326973-DF94-41BC-9B01-90212DD6A2EA} = {8BAC56B5-CEC5-4300-96D9-D9EF56AB548C}
		{4603AEE9-C5EF-4E30-87E1-8EA4FEBBD93D} = {8BAC56B5-CEC5-4300-96D9-D9EF56AB548C}
		{8BAC56B5-CEC5-4300-96D9-D9EF56AB548C} = {1A3EA7FD-A2DC-44CF-B486-E6897A56E995}
		{8835754D-2B58-46DD-A075-4117588D0813} = {1A3EA7FD-A2DC-44CF-B486-E6897A56E995}
		{4C15E463-7285-4F82-BE9A-6D64204B3073} = {8835754D-2B58-46DD-A075-4117588D0813}
	EndGlobalSection
	GlobalSection(ExtensibilityGlobals) = postSolution
		SolutionGuid = {97C68B98-3BE5-42C0-B4AC-8FE25EFC1ED6}
	EndGlobalSection
EndGlobal
